
Microsoft Visual Studio Solution File, Format Version 12.00
# Visual Studio Version 16
VisualStudioVersion = 16.0.31727.386
MinimumVisualStudioVersion = 10.0.40219.1
Project("{9A19103F-16F7-4668-BE54-9A1E7A4F7556}") = "AlgoritmosOrdenado", "AlgoritmosOrdenado\AlgoritmosOrdenado.csproj", "{3301114E-D0CE-4CE0-822A-E6757622CDFD}"
EndProject
Project("{FAE04EC0-301F-11D3-BF4B-00C04F79EFBC}") = "TestOrdenado", "TestOrdenado\TestOrdenado.csproj", "{C925B149-F95C-42E0-8782-77FA5C5E46E7}"
EndProject
Global
	GlobalSection(SolutionConfigurationPlatforms) = preSolution
		Debug|Any CPU = Debug|Any CPU
		Release|Any CPU = Release|Any CPU
	EndGlobalSection
	GlobalSection(ProjectConfigurationPlatforms) = postSolution
		{3301114E-D0CE-4CE0-822A-E6757622CDFD}.Debug|Any CPU.ActiveCfg = Debug|Any CPU
		{3301114E-D0CE-4CE0-822A-E6757622CDFD}.Debug|Any CPU.Build.0 = Debug|Any CPU
		{3301114E-D0CE-4CE0-822A-E6757622CDFD}.Release|Any CPU.ActiveCfg = Release|Any CPU
		{3301114E-D0CE-4CE0-822A-E6757622CDFD}.Release|Any CPU.Build.0 = Release|Any CPU
		{C925B149-F95C-42E0-8782-77FA5C5E46E7}.Debug|Any CPU.ActiveCfg = Debug|Any CPU
		{C925B149-F95C-42E0-8782-77FA5C5E46E7}.Debug|Any CPU.Build.0 = Debug|Any CPU
		{C925B149-F95C-42E0-8782-77FA5C5E46E7}.Release|Any CPU.ActiveCfg = Release|Any CPU
		{C925B149-F95C-42E0-8782-77FA5C5E46E7}.Release|Any CPU.Build.0 = Release|Any CPU
	EndGlobalSection
	GlobalSection(SolutionProperties) = preSolution
		HideSolutionNode = FALSE
	EndGlobalSection
	GlobalSection(ExtensibilityGlobals) = postSolution
		SolutionGuid = {6FC59536-027F-4131-B4D5-7664EE059248}
	EndGlobalSection
EndGlobal
